
Microsoft Visual Studio Solution File, Format Version 12.00
# Visual Studio Version 16
VisualStudioVersion = 16.0.30804.86
MinimumVisualStudioVersion = 10.0.40219.1
Project("{9A19103F-16F7-4668-BE54-9A1E7A4F7556}") = "OdeToFood", "OdeToFood.csproj", "{D175C65C-A2AC-4C26-A9F0-2246860557EB}"
EndProject
Project("{9A19103F-16F7-4668-BE54-9A1E7A4F7556}") = "OdeToFood.Core", "..\OdeToFood.Core\OdeToFood.Core.csproj", "{828B0C29-682E-449F-8AF0-31CB2D6049EC}"
EndProject
Project("{9A19103F-16F7-4668-BE54-9A1E7A4F7556}") = "OdeToFood.Data", "..\OdeToFood.Data\OdeToFood.Data.csproj", "{97C69C7C-D3D6-4B66-B89C-166C878BC3C4}"
EndProject
Global
	GlobalSection(SolutionConfigurationPlatforms) = preSolution
		Debug|Any CPU = Debug|Any CPU
		Release|Any CPU = Release|Any CPU
	EndGlobalSection
	GlobalSection(ProjectConfigurationPlatforms) = postSolution
		{D175C65C-A2AC-4C26-A9F0-2246860557EB}.Debug|Any CPU.ActiveCfg = Debug|Any CPU
		{D175C65C-A2AC-4C26-A9F0-2246860557EB}.Debug|Any CPU.Build.0 = Debug|Any CPU
		{D175C65C-A2AC-4C26-A9F0-2246860557EB}.Release|Any CPU.ActiveCfg = Release|Any CPU
		{D175C65C-A2AC-4C26-A9F0-2246860557EB}.Release|Any CPU.Build.0 = Release|Any CPU
		{828B0C29-682E-449F-8AF0-31CB2D6049EC}.Debug|Any CPU.ActiveCfg = Debug|Any CPU
		{828B0C29-682E-449F-8AF0-31CB2D6049EC}.Debug|Any CPU.Build.0 = Debug|Any CPU
		{828B0C29-682E-449F-8AF0-31CB2D6049EC}.Release|Any CPU.ActiveCfg = Release|Any CPU
		{828B0C29-682E-449F-8AF0-31CB2D6049EC}.Release|Any CPU.Build.0 = Release|Any CPU
		{97C69C7C-D3D6-4B66-B89C-166C878BC3C4}.Debug|Any CPU.ActiveCfg = Debug|Any CPU
		{97C69C7C-D3D6-4B66-B89C-166C878BC3C4}.Debug|Any CPU.Build.0 = Debug|Any CPU
		{97C69C7C-D3D6-4B66-B89C-166C878BC3C4}.Release|Any CPU.ActiveCfg = Release|Any CPU
		{97C69C7C-D3D6-4B66-B89C-166C878BC3C4}.Release|Any CPU.Build.0 = Release|Any CPU
	EndGlobalSection
	GlobalSection(SolutionProperties) = preSolution
		HideSolutionNode = FALSE
	EndGlobalSection
	GlobalSection(ExtensibilityGlobals) = postSolution
		SolutionGuid = {9DD6D24B-F574-4E0C-9D26-2E998A73D6BE}
	EndGlobalSection
EndGlobal
